{
  "requires": true,
  "lockfileVersion": 1,
  "dependencies": {
    "@mixer/interactive-node": {
      "version": "3.0.1",
      "resolved": "https://registry.npmjs.org/@mixer/interactive-node/-/interactive-node-3.0.1.tgz",
      "integrity": "sha512-bkofYsrA8GSLoggt6fnK6CJIF6VcmsXlQIPdu5U0E+ydTHEw4MTmWrNOvhNhjD+OliPpvbfmKp3myS9T+s4jHg==",
      "requires": {
        "deepmerge": "^1.5.2"
      }
    },
    "@mixer/shortcode-oauth": {
      "version": "1.1.0",
      "resolved": "https://registry.npmjs.org/@mixer/shortcode-oauth/-/shortcode-oauth-1.1.0.tgz",
      "integrity": "sha512-V2Aj8nm1xwtLgTL3wIBZg0o+qHyqjYZkidVC3aYnkwj6zyQKiiiA76BS7U0t2n7JKM/63rZj+qAsviGr3aSBqw=="
    },
    "async-limiter": {
      "version": "1.0.1",
      "resolved": "https://registry.npmjs.org/async-limiter/-/async-limiter-1.0.1.tgz",
      "integrity": "sha512-csOlWGAcRFJaI6m+F2WKdnMKr4HhdhFVBk0H/QbJFMCr+uO2kwohwXQPxw/9OCxp05r5ghVBFSyioixx3gfkNQ=="
    },
    "deepmerge": {
      "version": "1.5.2",
      "resolved": "https://registry.npmjs.org/deepmerge/-/deepmerge-1.5.2.tgz",
      "integrity": "sha512-95k0GDqvBjZavkuvzx/YqVLv/6YYa17fz6ILMSf7neqQITCPbnfEnQvEgMPNjH4kgobe7+WIL0yJEHku+H3qtQ=="
    },
    "ws": {
      "version": "7.1.2",
      "resolved": "https://registry.npmjs.org/ws/-/ws-7.1.2.tgz",
      "integrity": "sha512-gftXq3XI81cJCgkUiAVixA0raD9IVmXqsylCrjRygw4+UOOGzPoxnQ6r/CnVL9i+mDncJo94tSkyrtuuQVBmrg==",
      "requires": {
        "async-limiter": "^1.0.0"
      }
    }
  }
}
